// !$*UTF8*$!
{
	archiveVersion = 1;
	classes = {
	};
	objectVersion = 46;
	objects = {

/* Begin PBXBuildFile section */
		84964CB71DE8781500A0D1C4 /* MastrStudent.swift in Sources */ = {isa = PBXBuildFile; fileRef = 84964CB61DE8781500A0D1C4 /* MastrStudent.swift */; };
		84964CB81DE8781500A0D1C4 /* MastrStudent.swift in Sources */ = {isa = PBXBuildFile; fileRef = 84964CB61DE8781500A0D1C4 /* MastrStudent.swift */; };
		84964CBA1DE879ED00A0D1C4 /* PhdStudent.swift in Sources */ = {isa = PBXBuildFile; fileRef = 84964CB91DE879ED00A0D1C4 /* PhdStudent.swift */; };
		84964CBB1DE879ED00A0D1C4 /* PhdStudent.swift in Sources */ = {isa = PBXBuildFile; fileRef = 84964CB91DE879ED00A0D1C4 /* PhdStudent.swift */; };
		84EEB7271DE890CE00B2410B /* MatalaATests.swift in Sources */ = {isa = PBXBuildFile; fileRef = 84EEB7261DE890CE00B2410B /* MatalaATests.swift */; };
		FF5EE5B11DE5C16D00A3349E /* AppDelegate.swift in Sources */ = {isa = PBXBuildFile; fileRef = FF5EE5B01DE5C16D00A3349E /* AppDelegate.swift */; };
		FF5EE5B31DE5C16D00A3349E /* ViewController.swift in Sources */ = {isa = PBXBuildFile; fileRef = FF5EE5B21DE5C16D00A3349E /* ViewController.swift */; };
		FF5EE5B61DE5C16D00A3349E /* Main.storyboard in Resources */ = {isa = PBXBuildFile; fileRef = FF5EE5B41DE5C16D00A3349E /* Main.storyboard */; };
		FF5EE5B81DE5C16D00A3349E /* Assets.xcassets in Resources */ = {isa = PBXBuildFile; fileRef = FF5EE5B71DE5C16D00A3349E /* Assets.xcassets */; };
		FF5EE5BB1DE5C16D00A3349E /* LaunchScreen.storyboard in Resources */ = {isa = PBXBuildFile; fileRef = FF5EE5B91DE5C16D00A3349E /* LaunchScreen.storyboard */; };
		FF5EE5D11DE5C16D00A3349E /* MatalaAUITests.swift in Sources */ = {isa = PBXBuildFile; fileRef = FF5EE5D01DE5C16D00A3349E /* MatalaAUITests.swift */; };
		FF5EE5DF1DE5C29800A3349E /* Student.swift in Sources */ = {isa = PBXBuildFile; fileRef = FF5EE5DE1DE5C29800A3349E /* Student.swift */; };
		FF5EE5E01DE5C29800A3349E /* Student.swift in Sources */ = {isa = PBXBuildFile; fileRef = FF5EE5DE1DE5C29800A3349E /* Student.swift */; };
		FF5EE5E21DE5C2A500A3349E /* StudentDataBase.swift in Sources */ = {isa = PBXBuildFile; fileRef = FF5EE5E11DE5C2A500A3349E /* StudentDataBase.swift */; };
		FF5EE5E31DE5C2A500A3349E /* StudentDataBase.swift in Sources */ = {isa = PBXBuildFile; fileRef = FF5EE5E11DE5C2A500A3349E /* StudentDataBase.swift */; };
/* End PBXBuildFile section */

/* Begin PBXContainerItemProxy section */
		FF5EE5C21DE5C16D00A3349E /* PBXContainerItemProxy */ = {
			isa = PBXContainerItemProxy;
			containerPortal = FF5EE5A51DE5C16C00A3349E /* Project object */;
			proxyType = 1;
			remoteGlobalIDString = FF5EE5AC1DE5C16D00A3349E;
			remoteInfo = MatalaA;
		};
		FF5EE5CD1DE5C16D00A3349E /* PBXContainerItemProxy */ = {
			isa = PBXContainerItemProxy;
			containerPortal = FF5EE5A51DE5C16C00A3349E /* Project object */;
			proxyType = 1;
			remoteGlobalIDString = FF5EE5AC1DE5C16D00A3349E;
			remoteInfo = MatalaA;
		};
/* End PBXContainerItemProxy section */

/* Begin PBXFileReference section */
		84964CB61DE8781500A0D1C4 /* MastrStudent.swift */ = {isa = PBXFileReference; fileEncoding = 4; lastKnownFileType = sourcecode.swift; path = MastrStudent.swift; sourceTree = "<group>"; };
		84964CB91DE879ED00A0D1C4 /* PhdStudent.swift */ = {isa = PBXFileReference; fileEncoding = 4; lastKnownFileType = sourcecode.swift; path = PhdStudent.swift; sourceTree = "<group>"; };
		84EEB7261DE890CE00B2410B /* MatalaATests.swift */ = {isa = PBXFileReference; fileEncoding = 4; lastKnownFileType = sourcecode.swift; path = MatalaATests.swift; sourceTree = "<group>"; };
		FF5EE5AD1DE5C16D00A3349E /* MatalaA.app */ = {isa = PBXFileReference; explicitFileType = wrapper.application; includeInIndex = 0; path = MatalaA.app; sourceTree = BUILT_PRODUCTS_DIR; };
		FF5EE5B01DE5C16D00A3349E /* AppDelegate.swift */ = {isa = PBXFileReference; lastKnownFileType = sourcecode.swift; path = AppDelegate.swift; sourceTree = "<group>"; };
		FF5EE5B21DE5C16D00A3349E /* ViewController.swift */ = {isa = PBXFileReference; lastKnownFileType = sourcecode.swift; path = ViewController.swift; sourceTree = "<group>"; };
		FF5EE5B51DE5C16D00A3349E /* Base */ = {isa = PBXFileReference; lastKnownFileType = file.storyboard; name = Base; path = Base.lproj/Main.storyboard; sourceTree = "<group>"; };
		FF5EE5B71DE5C16D00A3349E /* Assets.xcassets */ = {isa = PBXFileReference; lastKnownFileType = folder.assetcatalog; path = Assets.xcassets; sourceTree = "<group>"; };
		FF5EE5BA1DE5C16D00A3349E /* Base */ = {isa = PBXFileReference; lastKnownFileType = file.storyboard; name = Base; path = Base.lproj/LaunchScreen.storyboard; sourceTree = "<group>"; };
		FF5EE5BC1DE5C16D00A3349E /* Info.plist */ = {isa = PBXFileReference; lastKnownFileType = text.plist.xml; path = Info.plist; sourceTree = "<group>"; };
		FF5EE5C11DE5C16D00A3349E /* MatalaATests.xctest */ = {isa = PBXFileReference; explicitFileType = wrapper.cfbundle; includeInIndex = 0; path = MatalaATests.xctest; sourceTree = BUILT_PRODUCTS_DIR; };
		FF5EE5C71DE5C16D00A3349E /* Info.plist */ = {isa = PBXFileReference; lastKnownFileType = text.plist.xml; path = Info.plist; sourceTree = "<group>"; };
		FF5EE5CC1DE5C16D00A3349E /* MatalaAUITests.xctest */ = {isa = PBXFileReference; explicitFileType = wrapper.cfbundle; includeInIndex = 0; path = MatalaAUITests.xctest; sourceTree = BUILT_PRODUCTS_DIR; };
		FF5EE5D01DE5C16D00A3349E /* MatalaAUITests.swift */ = {isa = PBXFileReference; lastKnownFileType = sourcecode.swift; path = MatalaAUITests.swift; sourceTree = "<group>"; };
		FF5EE5D21DE5C16D00A3349E /* Info.plist */ = {isa = PBXFileReference; lastKnownFileType = text.plist.xml; path = Info.plist; sourceTree = "<group>"; };
		FF5EE5DE1DE5C29800A3349E /* Student.swift */ = {isa = PBXFileReference; fileEncoding = 4; lastKnownFileType = sourcecode.swift; path = Student.swift; sourceTree = "<group>"; };
		FF5EE5E11DE5C2A500A3349E /* StudentDataBase.swift */ = {isa = PBXFileReference; fileEncoding = 4; lastKnownFileType = sourcecode.swift; path = StudentDataBase.swift; sourceTree = "<group>"; };
/* End PBXFileReference section */

/* Begin PBXFrameworksBuildPhase section */
		FF5EE5AA1DE5C16D00A3349E /* Frameworks */ = {
			isa = PBXFrameworksBuildPhase;
			buildActionMask = 2147483647;
			files = (
			);
			runOnlyForDeploymentPostprocessing = 0;
		};
		FF5EE5BE1DE5C16D00A3349E /* Frameworks */ = {
			isa = PBXFrameworksBuildPhase;
			buildActionMask = 2147483647;
			files = (
			);
			runOnlyForDeploymentPostprocessing = 0;
		};
		FF5EE5C91DE5C16D00A3349E /* Frameworks */ = {
			isa = PBXFrameworksBuildPhase;
			buildActionMask = 2147483647;
			files = (
			);
			runOnlyForDeploymentPostprocessing = 0;
		};
/* End PBXFrameworksBuildPhase section */

/* Begin PBXGroup section */
		FF5EE5A41DE5C16C00A3349E = {
			isa = PBXGroup;
			children = (
				FF5EE5AF1DE5C16D00A3349E /* MatalaA */,
				FF5EE5C41DE5C16D00A3349E /* MatalaATests */,
				FF5EE5CF1DE5C16D00A3349E /* MatalaAUITests */,
				FF5EE5AE1DE5C16D00A3349E /* Products */,
			);
			sourceTree = "<group>";
			usesTabs = 0;
		};
		FF5EE5AE1DE5C16D00A3349E /* Products */ = {
			isa = PBXGroup;
			children = (
				FF5EE5AD1DE5C16D00A3349E /* MatalaA.app */,
				FF5EE5C11DE5C16D00A3349E /* MatalaATests.xctest */,
				FF5EE5CC1DE5C16D00A3349E /* MatalaAUITests.xctest */,
			);
			name = Products;
			sourceTree = "<group>";
		};
		FF5EE5AF1DE5C16D00A3349E /* MatalaA */ = {
			isa = PBXGroup;
			children = (
				FF5EE5B01DE5C16D00A3349E /* AppDelegate.swift */,
				FF5EE5DE1DE5C29800A3349E /* Student.swift */,
				FF5EE5E11DE5C2A500A3349E /* StudentDataBase.swift */,
				84964CB61DE8781500A0D1C4 /* MastrStudent.swift */,
				84964CB91DE879ED00A0D1C4 /* PhdStudent.swift */,
				FF5EE5B21DE5C16D00A3349E /* ViewController.swift */,
				FF5EE5B41DE5C16D00A3349E /* Main.storyboard */,
				FF5EE5B71DE5C16D00A3349E /* Assets.xcassets */,
				FF5EE5B91DE5C16D00A3349E /* LaunchScreen.storyboard */,
				FF5EE5BC1DE5C16D00A3349E /* Info.plist */,
			);
			path = MatalaA;
			sourceTree = "<group>";
		};
		FF5EE5C41DE5C16D00A3349E /* MatalaATests */ = {
			isa = PBXGroup;
			children = (
				FF5EE5C71DE5C16D00A3349E /* Info.plist */,
				84EEB7261DE890CE00B2410B /* MatalaATests.swift */,
			);
			path = MatalaATests;
			sourceTree = "<group>";
		};
		FF5EE5CF1DE5C16D00A3349E /* MatalaAUITests */ = {
			isa = PBXGroup;
			children = (
				FF5EE5D01DE5C16D00A3349E /* MatalaAUITests.swift */,
				FF5EE5D21DE5C16D00A3349E /* Info.plist */,
			);
			path = MatalaAUITests;
			sourceTree = "<group>";
		};
/* End PBXGroup section */

/* Begin PBXNativeTarget section */
		FF5EE5AC1DE5C16D00A3349E /* MatalaA */ = {
			isa = PBXNativeTarget;
			buildConfigurationList = FF5EE5D51DE5C16D00A3349E /* Build configuration list for PBXNativeTarget "MatalaA" */;
			buildPhases = (
				FF5EE5A91DE5C16D00A3349E /* Sources */,
				FF5EE5AA1DE5C16D00A3349E /* Frameworks */,
				FF5EE5AB1DE5C16D00A3349E /* Resources */,
			);
			buildRules = (
			);
			dependencies = (
			);
			name = MatalaA;
			productName = MatalaA;
			productReference = FF5EE5AD1DE5C16D00A3349E /* MatalaA.app */;
			productType = "com.apple.product-type.application";
		};
		FF5EE5C01DE5C16D00A3349E /* MatalaATests */ = {
			isa = PBXNativeTarget;
			buildConfigurationList = FF5EE5D81DE5C16D00A3349E /* Build configuration list for PBXNativeTarget "MatalaATests" */;
			buildPhases = (
				FF5EE5BD1DE5C16D00A3349E /* Sources */,
				FF5EE5BE1DE5C16D00A3349E /* Frameworks */,
				FF5EE5BF1DE5C16D00A3349E /* Resources */,
			);
			buildRules = (
			);
			dependencies = (
				FF5EE5C31DE5C16D00A3349E /* PBXTargetDependency */,
			);
			name = MatalaATests;
			productName = MatalaATests;
			productReference = FF5EE5C11DE5C16D00A3349E /* MatalaATests.xctest */;
			productType = "com.apple.product-type.bundle.unit-test";
		};
		FF5EE5CB1DE5C16D00A3349E /* MatalaAUITests */ = {
			isa = PBXNativeTarget;
			buildConfigurationList = FF5EE5DB1DE5C16D00A3349E /* Build configuration list for PBXNativeTarget "MatalaAUITests" */;
			buildPhases = (
				FF5EE5C81DE5C16D00A3349E /* Sources */,
				FF5EE5C91DE5C16D00A3349E /* Frameworks */,
				FF5EE5CA1DE5C16D00A3349E /* Resources */,
			);
			buildRules = (
			);
			dependencies = (
				FF5EE5CE1DE5C16D00A3349E /* PBXTargetDependency */,
			);
			name = MatalaAUITests;
			productName = MatalaAUITests;
			productReference = FF5EE5CC1DE5C16D00A3349E /* MatalaAUITests.xctest */;
			productType = "com.apple.product-type.bundle.ui-testing";
		};
/* End PBXNativeTarget section */

/* Begin PBXProject section */
		FF5EE5A51DE5C16C00A3349E /* Project object */ = {
			isa = PBXProject;
			attributes = {
				LastSwiftUpdateCheck = 0800;
				LastUpgradeCheck = 0800;
				ORGANIZATIONNAME = Kor;
				TargetAttributes = {
					FF5EE5AC1DE5C16D00A3349E = {
						CreatedOnToolsVersion = 8.0;
						ProvisioningStyle = Automatic;
					};
					FF5EE5C01DE5C16D00A3349E = {
						CreatedOnToolsVersion = 8.0;
						ProvisioningStyle = Automatic;
						TestTargetID = FF5EE5AC1DE5C16D00A3349E;
					};
					FF5EE5CB1DE5C16D00A3349E = {
						CreatedOnToolsVersion = 8.0;
						ProvisioningStyle = Automatic;
						TestTargetID = FF5EE5AC1DE5C16D00A3349E;
					};
				};
			};
			buildConfigurationList = FF5EE5A81DE5C16C00A3349E /* Build configuration list for PBXProject "MatalaA" */;
			compatibilityVersion = "Xcode 3.2";
			developmentRegion = English;
			hasScannedForEncodings = 0;
			knownRegions = (
				en,
				Base,
			);
			mainGroup = FF5EE5A41DE5C16C00A3349E;
			productRefGroup = FF5EE5AE1DE5C16D00A3349E /* Products */;
			projectDirPath = "";
			projectRoot = "";
			targets = (
				FF5EE5AC1DE5C16D00A3349E /* MatalaA */,
				FF5EE5C01DE5C16D00A3349E /* MatalaATests */,
				FF5EE5CB1DE5C16D00A3349E /* MatalaAUITests */,
			);
		};
/* End PBXProject section */

/* Begin PBXResourcesBuildPhase section */
		FF5EE5AB1DE5C16D00A3349E /* Resources */ = {
			isa = PBXResourcesBuildPhase;
			buildActionMask = 2147483647;
			files = (
				FF5EE5BB1DE5C16D00A3349E /* LaunchScreen.storyboard in Resources */,
				FF5EE5B81DE5C16D00A3349E /* Assets.xcassets in Resources */,
				FF5EE5B61DE5C16D00A3349E /* Main.storyboard in Resources */,
			);
			runOnlyForDeploymentPostprocessing = 0;
		};
		FF5EE5BF1DE5C16D00A3349E /* Resources */ = {
			isa = PBXResourcesBuildPhase;
			buildActionMask = 2147483647;
			files = (
			);
			runOnlyForDeploymentPostprocessing = 0;
		};
		FF5EE5CA1DE5C16D00A3349E /* Resources */ = {
			isa = PBXResourcesBuildPhase;
			buildActionMask = 2147483647;
			files = (
			);
			runOnlyForDeploymentPostprocessing = 0;
		};
/* End PBXResourcesBuildPhase section */

/* Begin PBXSourcesBuildPhase section */
		FF5EE5A91DE5C16D00A3349E /* Sources */ = {
			isa = PBXSourcesBuildPhase;
			buildActionMask = 2147483647;
			files = (
				FF5EE5B31DE5C16D00A3349E /* ViewController.swift in Sources */,
				FF5EE5E21DE5C2A500A3349E /* StudentDataBase.swift in Sources */,
				FF5EE5DF1DE5C29800A3349E /* Student.swift in Sources */,
				84964CB71DE8781500A0D1C4 /* MastrStudent.swift in Sources */,
				84964CBA1DE879ED00A0D1C4 /* PhdStudent.swift in Sources */,
				FF5EE5B11DE5C16D00A3349E /* AppDelegate.swift in Sources */,
			);
			runOnlyForDeploymentPostprocessing = 0;
		};
		FF5EE5BD1DE5C16D00A3349E /* Sources */ = {
			isa = PBXSourcesBuildPhase;
			buildActionMask = 2147483647;
			files = (
				FF5EE5E31DE5C2A500A3349E /* StudentDataBase.swift in Sources */,
				84964CBB1DE879ED00A0D1C4 /* PhdStudent.swift in Sources */,
				FF5EE5E01DE5C29800A3349E /* Student.swift in Sources */,
				84964CB81DE8781500A0D1C4 /* MastrStudent.swift in Sources */,
				84EEB7271DE890CE00B2410B /* MatalaATests.swift in Sources */,
			);
			runOnlyForDeploymentPostprocessing = 0;
		};
		FF5EE5C81DE5C16D00A3349E /* Sources */ = {
			isa = PBXSourcesBuildPhase;
			buildActionMask = 2147483647;
			files = (
				FF5EE5D11DE5C16D00A3349E /* MatalaAUITests.swift in Sources */,
			);
			runOnlyForDeploymentPostprocessing = 0;
		};
/* End PBXSourcesBuildPhase section */

/* Begin PBXTargetDependency section */
		FF5EE5C31DE5C16D00A3349E /* PBXTargetDependency */ = {
			isa = PBXTargetDependency;
			target = FF5EE5AC1DE5C16D00A3349E /* MatalaA */;
			targetProxy = FF5EE5C21DE5C16D00A3349E /* PBXContainerItemProxy */;
		};
		FF5EE5CE1DE5C16D00A3349E /* PBXTargetDependency */ = {
			isa = PBXTargetDependency;
			target = FF5EE5AC1DE5C16D00A3349E /* MatalaA */;
			targetProxy = FF5EE5CD1DE5C16D00A3349E /* PBXContainerItemProxy */;
		};
/* End PBXTargetDependency section */

/* Begin PBXVariantGroup section */
		FF5EE5B41DE5C16D00A3349E /* Main.storyboard */ = {
			isa = PBXVariantGroup;
			children = (
				FF5EE5B51DE5C16D00A3349E /* Base */,
			);
			name = Main.storyboard;
			sourceTree = "<group>";
		};
		FF5EE5B91DE5C16D00A3349E /* LaunchScreen.storyboard */ = {
			isa = PBXVariantGroup;
			children = (
				FF5EE5BA1DE5C16D00A3349E /* Base */,
			);
			name = LaunchScreen.storyboard;
			sourceTree = "<group>";
		};
/* End PBXVariantGroup section */

/* Begin XCBuildConfiguration section */
		FF5EE5D31DE5C16D00A3349E /* Debug */ = {
			isa = XCBuildConfiguration;
			buildSettings = {
				ALWAYS_SEARCH_USER_PATHS = NO;
				CLANG_ANALYZER_NONNULL = YES;
				CLANG_CXX_LANGUAGE_STANDARD = "gnu++0x";
				CLANG_CXX_LIBRARY = "libc++";
				CLANG_ENABLE_MODULES = YES;
				CLANG_ENABLE_OBJC_ARC = YES;
				CLANG_WARN_BOOL_CONVERSION = YES;
				CLANG_WARN_CONSTANT_CONVERSION = YES;
				CLANG_WARN_DIRECT_OBJC_ISA_USAGE = YES_ERROR;
				CLANG_WARN_DOCUMENTATION_COMMENTS = YES;
				CLANG_WARN_EMPTY_BODY = YES;
				CLANG_WARN_ENUM_CONVERSION = YES;
				CLANG_WARN_INFINITE_RECURSION = YES;
				CLANG_WARN_INT_CONVERSION = YES;
				CLANG_WARN_OBJC_ROOT_CLASS = YES_ERROR;
				CLANG_WARN_SUSPICIOUS_MOVES = YES;
				CLANG_WARN_UNREACHABLE_CODE = YES;
				CLANG_WARN__DUPLICATE_METHOD_MATCH = YES;
				"CODE_SIGN_IDENTITY[sdk=iphoneos*]" = "iPhone Developer";
				COPY_PHASE_STRIP = NO;
				DEBUG_INFORMATION_FORMAT = dwarf;
				ENABLE_STRICT_OBJC_MSGSEND = YES;
				ENABLE_TESTABILITY = YES;
				GCC_C_LANGUAGE_STANDARD = gnu99;
				GCC_DYNAMIC_NO_PIC = NO;
				GCC_NO_COMMON_BLOCKS = YES;
				GCC_OPTIMIZATION_LEVEL = 0;
				GCC_PREPROCESSOR_DEFINITIONS = (
					"DEBUG=1",
					"$(inherited)",
				);
				GCC_WARN_64_TO_32_BIT_CONVERSION = YES;
				GCC_WARN_ABOUT_RETURN_TYPE = YES_ERROR;
				GCC_WARN_UNDECLARED_SELECTOR = YES;
				GCC_WARN_UNINITIALIZED_AUTOS = YES_AGGRESSIVE;
				GCC_WARN_UNUSED_FUNCTION = YES;
				GCC_WARN_UNUSED_VARIABLE = YES;
				IPHONEOS_DEPLOYMENT_TARGET = 10.0;
				MTL_ENABLE_DEBUG_INFO = YES;
				ONLY_ACTIVE_ARCH = YES;
				SDKROOT = iphoneos;
				SWIFT_ACTIVE_COMPILATION_CONDITIONS = DEBUG;
				SWIFT_OPTIMIZATION_LEVEL = "-Onone";
				TARGETED_DEVICE_FAMILY = "1,2";
			};
			name = Debug;
		};
		FF5EE5D41DE5C16D00A3349E /* Release */ = {
			isa = XCBuildConfiguration;
			buildSettings = {
				ALWAYS_SEARCH_USER_PATHS = NO;
				CLANG_ANALYZER_NONNULL = YES;
				CLANG_CXX_LANGUAGE_STANDARD = "gnu++0x";
				CLANG_CXX_LIBRARY = "libc++";
				CLANG_ENABLE_MODULES = YES;
				CLANG_ENABLE_OBJC_ARC = YES;
				CLANG_WARN_BOOL_CONVERSION = YES;
				CLANG_WARN_CONSTANT_CONVERSION = YES;
				CLANG_WARN_DIRECT_OBJC_ISA_USAGE = YES_ERROR;
				CLANG_WARN_DOCUMENTATION_COMMENTS = YES;
				CLANG_WARN_EMPTY_BODY = YES;
				CLANG_WARN_ENUM_CONVERSION = YES;
				CLANG_WARN_INFINITE_RECURSION = YES;
				CLANG_WARN_INT_CONVERSION = YES;
				CLANG_WARN_OBJC_ROOT_CLASS = YES_ERROR;
				CLANG_WARN_SUSPICIOUS_MOVES = YES;
				CLANG_WARN_UNREACHABLE_CODE = YES;
				CLANG_WARN__DUPLICATE_METHOD_MATCH = YES;
				"CODE_SIGN_IDENTITY[sdk=iphoneos*]" = "iPhone Developer";
				COPY_PHASE_STRIP = NO;
				DEBUG_INFORMATION_FORMAT = "dwarf-with-dsym";
				ENABLE_NS_ASSERTIONS = NO;
				ENABLE_STRICT_OBJC_MSGSEND = YES;
				GCC_C_LANGUAGE_STANDARD = gnu99;
				GCC_NO_COMMON_BLOCKS = YES;
				GCC_WARN_64_TO_32_BIT_CONVERSION = YES;
				GCC_WARN_ABOUT_RETURN_TYPE = YES_ERROR;
				GCC_WARN_UNDECLARED_SELECTOR = YES;
				GCC_WARN_UNINITIALIZED_AUTOS = YES_AGGRESSIVE;
				GCC_WARN_UNUSED_FUNCTION = YES;
				GCC_WARN_UNUSED_VARIABLE = YES;
				IPHONEOS_DEPLOYMENT_TARGET = 10.0;
				MTL_ENABLE_DEBUG_INFO = NO;
				SDKROOT = iphoneos;
				SWIFT_OPTIMIZATION_LEVEL = "-Owholemodule";
				TARGETED_DEVICE_FAMILY = "1,2";
				VALIDATE_PRODUCT = YES;
			};
			name = Release;
		};
		FF5EE5D61DE5C16D00A3349E /* Debug */ = {
			isa = XCBuildConfiguration;
			buildSettings = {
				ASSETCATALOG_COMPILER_APPICON_NAME = AppIcon;
				INFOPLIST_FILE = MatalaA/Info.plist;
				LD_RUNPATH_SEARCH_PATHS = "$(inherited) @executable_path/Frameworks";
				PRODUCT_BUNDLE_IDENTIFIER = kobior.tk.MatalaA;
				PRODUCT_NAME = "$(TARGET_NAME)";
				SWIFT_VERSION = 3.0;
			};
			name = Debug;
		};
		FF5EE5D71DE5C16D00A3349E /* Release */ = {
			isa = XCBuildConfiguration;
			buildSettings = {
				ASSETCATALOG_COMPILER_APPICON_NAME = AppIcon;
				INFOPLIST_FILE = MatalaA/Info.plist;
				LD_RUNPATH_SEARCH_PATHS = "$(inherited) @executable_path/Frameworks";
				PRODUCT_BUNDLE_IDENTIFIER = kobior.tk.MatalaA;
				PRODUCT_NAME = "$(TARGET_NAME)";
				SWIFT_VERSION = 3.0;
			};
			name = Release;
		};
		FF5EE5D91DE5C16D00A3349E /* Debug */ = {
			isa = XCBuildConfiguration;
			buildSettings = {
				ALWAYS_EMBED_SWIFT_STANDARD_LIBRARIES = YES;
				BUNDLE_LOADER = "$(TEST_HOST)";
				INFOPLIST_FILE = MatalaATests/Info.plist;
				LD_RUNPATH_SEARCH_PATHS = "$(inherited) @executable_path/Frameworks @loader_path/Frameworks";
				PRODUCT_BUNDLE_IDENTIFIER = kobior.tk.MatalaATests;
				PRODUCT_NAME = "$(TARGET_NAME)";
				SWIFT_VERSION = 3.0;
				TEST_HOST = "$(BUILT_PRODUCTS_DIR)/MatalaA.app/MatalaA";
			};
			name = Debug;
		};
		FF5EE5DA1DE5C16D00A3349E /* Release */ = {
			isa = XCBuildConfiguration;
			buildSettings = {
				ALWAYS_EMBED_SWIFT_STANDARD_LIBRARIES = YES;
				BUNDLE_LOADER = "$(TEST_HOST)";
				INFOPLIST_FILE = MatalaATests/Info.plist;
				LD_RUNPATH_SEARCH_PATHS = "$(inherited) @executable_path/Frameworks @loader_path/Frameworks";
				PRODUCT_BUNDLE_IDENTIFIER = kobior.tk.MatalaATests;
				PRODUCT_NAME = "$(TARGET_NAME)";
				SWIFT_VERSION = 3.0;
				TEST_HOST = "$(BUILT_PRODUCTS_DIR)/MatalaA.app/MatalaA";
			};
			name = Release;
		};
		FF5EE5DC1DE5C16D00A3349E /* Debug */ = {
			isa = XCBuildConfiguration;
			buildSettings = {
				ALWAYS_EMBED_SWIFT_STANDARD_LIBRARIES = YES;
				INFOPLIST_FILE = MatalaAUITests/Info.plist;
				LD_RUNPATH_SEARCH_PATHS = "$(inherited) @executable_path/Frameworks @loader_path/Frameworks";
				PRODUCT_BUNDLE_IDENTIFIER = kobior.tk.MatalaAUITests;
				PRODUCT_NAME = "$(TARGET_NAME)";
				SWIFT_VERSION = 3.0;
				TEST_TARGET_NAME = MatalaA;
			};
			name = Debug;
		};
		FF5EE5DD1DE5C16D00A3349E /* Release */ = {
			isa = XCBuildConfiguration;
			buildSettings = {
				ALWAYS_EMBED_SWIFT_STANDARD_LIBRARIES = YES;
				INFOPLIST_FILE = MatalaAUITests/Info.plist;
				LD_RUNPATH_SEARCH_PATHS = "$(inherited) @executable_path/Frameworks @loader_path/Frameworks";
				PRODUCT_BUNDLE_IDENTIFIER = kobior.tk.MatalaAUITests;
				PRODUCT_NAME = "$(TARGET_NAME)";
				SWIFT_VERSION = 3.0;
				TEST_TARGET_NAME = MatalaA;
			};
			name = Release;
		};
/* End XCBuildConfiguration section */

/* Begin XCConfigurationList section */
		FF5EE5A81DE5C16C00A3349E /* Build configuration list for PBXProject "MatalaA" */ = {
			isa = XCConfigurationList;
			buildConfigurations = (
				FF5EE5D31DE5C16D00A3349E /* Debug */,
				FF5EE5D41DE5C16D00A3349E /* Release */,
			);
			defaultConfigurationIsVisible = 0;
			defaultConfigurationName = Release;
		};
		FF5EE5D51DE5C16D00A3349E /* Build configuration list for PBXNativeTarget "MatalaA" */ = {
			isa = XCConfigurationList;
			buildConfigurations = (
				FF5EE5D61DE5C16D00A3349E /* Debug */,
				FF5EE5D71DE5C16D00A3349E /* Release */,
			);
			defaultConfigurationIsVisible = 0;
			defaultConfigurationName = Release;
		};
		FF5EE5D81DE5C16D00A3349E /* Build configuration list for PBXNativeTarget "MatalaATests" */ = {
			isa = XCConfigurationList;
			buildConfigurations = (
				FF5EE5D91DE5C16D00A3349E /* Debug */,
				FF5EE5DA1DE5C16D00A3349E /* Release */,
			);
			defaultConfigurationIsVisible = 0;
			defaultConfigurationName = Release;
		};
		FF5EE5DB1DE5C16D00A3349E /* Build configuration list for PBXNativeTarget "MatalaAUITests" */ = {
			isa = XCConfigurationList;
			buildConfigurations = (
				FF5EE5DC1DE5C16D00A3349E /* Debug */,
				FF5EE5DD1DE5C16D00A3349E /* Release */,
			);
			defaultConfigurationIsVisible = 0;
			defaultConfigurationName = Release;
		};
/* End XCConfigurationList section */
	};
	rootObject = FF5EE5A51DE5C16C00A3349E /* Project object */;
}
